
Microsoft Visual Studio Solution File, Format Version 12.00
# Visual Studio Version 17
VisualStudioVersion = 17.13.35818.85 d17.13
MinimumVisualStudioVersion = 10.0.40219.1
Project("{FAE04EC0-301F-11D3-BF4B-00C04F79EFBC}") = "7.2c Anagram Checker", "7.2c Anagram Checker.csproj", "{F8E8A9E5-BA7D-4578-81A8-C4DA78000305}"
EndProject
Global
	GlobalSection(SolutionConfigurationPlatforms) = preSolution
		Debug|Any CPU = Debug|Any CPU
		Release|Any CPU = Release|Any CPU
	EndGlobalSection
	GlobalSection(ProjectConfigurationPlatforms) = postSolution
		{F8E8A9E5-BA7D-4578-81A8-C4DA78000305}.Debug|Any CPU.ActiveCfg = Debug|Any CPU
		{F8E8A9E5-BA7D-4578-81A8-C4DA78000305}.Debug|Any CPU.Build.0 = Debug|Any CPU
		{F8E8A9E5-BA7D-4578-81A8-C4DA78000305}.Release|Any CPU.ActiveCfg = Release|Any CPU
		{F8E8A9E5-BA7D-4578-81A8-C4DA78000305}.Release|Any CPU.Build.0 = Release|Any CPU
	EndGlobalSection
	GlobalSection(SolutionProperties) = preSolution
		HideSolutionNode = FALSE
	EndGlobalSection
	GlobalSection(ExtensibilityGlobals) = postSolution
		SolutionGuid = {786FEE8E-1D26-4165-9198-63EDA944955E}
	EndGlobalSection
EndGlobal
