
Microsoft Visual Studio Solution File, Format Version 12.00
# Visual Studio Version 17
VisualStudioVersion = 17.12.35728.132 d17.12
MinimumVisualStudioVersion = 10.0.40219.1
Project("{FAE04EC0-301F-11D3-BF4B-00C04F79EFBC}") = "4.3 Challenge Reverse String", "4.3 Challenge Reverse String.csproj", "{ED827522-129C-4F8D-92F2-3852680E07B2}"
EndProject
Global
	GlobalSection(SolutionConfigurationPlatforms) = preSolution
		Debug|Any CPU = Debug|Any CPU
		Release|Any CPU = Release|Any CPU
	EndGlobalSection
	GlobalSection(ProjectConfigurationPlatforms) = postSolution
		{ED827522-129C-4F8D-92F2-3852680E07B2}.Debug|Any CPU.ActiveCfg = Debug|Any CPU
		{ED827522-129C-4F8D-92F2-3852680E07B2}.Debug|Any CPU.Build.0 = Debug|Any CPU
		{ED827522-129C-4F8D-92F2-3852680E07B2}.Release|Any CPU.ActiveCfg = Release|Any CPU
		{ED827522-129C-4F8D-92F2-3852680E07B2}.Release|Any CPU.Build.0 = Release|Any CPU
	EndGlobalSection
	GlobalSection(SolutionProperties) = preSolution
		HideSolutionNode = FALSE
	EndGlobalSection
EndGlobal
