
Microsoft Visual Studio Solution File, Format Version 12.00
# Visual Studio Version 17
VisualStudioVersion = 17.13.35818.85 d17.13
MinimumVisualStudioVersion = 10.0.40219.1
Project("{FAE04EC0-301F-11D3-BF4B-00C04F79EFBC}") = "Mod7 Insertion Sort Dave", "Mod7 Insertion Sort Dave.csproj", "{39F6DECF-31C2-489A-889B-4C4F2789317E}"
EndProject
Global
	GlobalSection(SolutionConfigurationPlatforms) = preSolution
		Debug|Any CPU = Debug|Any CPU
		Release|Any CPU = Release|Any CPU
	EndGlobalSection
	GlobalSection(ProjectConfigurationPlatforms) = postSolution
		{39F6DECF-31C2-489A-889B-4C4F2789317E}.Debug|Any CPU.ActiveCfg = Debug|Any CPU
		{39F6DECF-31C2-489A-889B-4C4F2789317E}.Debug|Any CPU.Build.0 = Debug|Any CPU
		{39F6DECF-31C2-489A-889B-4C4F2789317E}.Release|Any CPU.ActiveCfg = Release|Any CPU
		{39F6DECF-31C2-489A-889B-4C4F2789317E}.Release|Any CPU.Build.0 = Release|Any CPU
	EndGlobalSection
	GlobalSection(SolutionProperties) = preSolution
		HideSolutionNode = FALSE
	EndGlobalSection
	GlobalSection(ExtensibilityGlobals) = postSolution
		SolutionGuid = {D80DE44E-168D-468D-BA3B-02958C0C2E28}
	EndGlobalSection
EndGlobal
