
Microsoft Visual Studio Solution File, Format Version 12.00
# Visual Studio Version 17
VisualStudioVersion = 17.13.35818.85 d17.13
MinimumVisualStudioVersion = 10.0.40219.1
Project("{FAE04EC0-301F-11D3-BF4B-00C04F79EFBC}") = "6.2a Implement Stack Array", "6.2a Implement Stack Array.csproj", "{D85D0DE9-64A6-4222-96B8-65BA2DADF923}"
EndProject
Global
	GlobalSection(SolutionConfigurationPlatforms) = preSolution
		Debug|Any CPU = Debug|Any CPU
		Release|Any CPU = Release|Any CPU
	EndGlobalSection
	GlobalSection(ProjectConfigurationPlatforms) = postSolution
		{D85D0DE9-64A6-4222-96B8-65BA2DADF923}.Debug|Any CPU.ActiveCfg = Debug|Any CPU
		{D85D0DE9-64A6-4222-96B8-65BA2DADF923}.Debug|Any CPU.Build.0 = Debug|Any CPU
		{D85D0DE9-64A6-4222-96B8-65BA2DADF923}.Release|Any CPU.ActiveCfg = Release|Any CPU
		{D85D0DE9-64A6-4222-96B8-65BA2DADF923}.Release|Any CPU.Build.0 = Release|Any CPU
	EndGlobalSection
	GlobalSection(SolutionProperties) = preSolution
		HideSolutionNode = FALSE
	EndGlobalSection
	GlobalSection(ExtensibilityGlobals) = postSolution
		SolutionGuid = {134C3E77-03AF-47C0-9F67-CF1D1F39697D}
	EndGlobalSection
EndGlobal
