
Microsoft Visual Studio Solution File, Format Version 12.00
# Visual Studio Version 17
VisualStudioVersion = 17.12.35707.178 d17.12
MinimumVisualStudioVersion = 10.0.40219.1
Project("{FAE04EC0-301F-11D3-BF4B-00C04F79EFBC}") = "Mod7OverloadingDemo", "Mod7OverloadingDemo.csproj", "{FEDABFC0-C13C-4855-9829-D6D8FE302889}"
EndProject
Global
	GlobalSection(SolutionConfigurationPlatforms) = preSolution
		Debug|Any CPU = Debug|Any CPU
		Release|Any CPU = Release|Any CPU
	EndGlobalSection
	GlobalSection(ProjectConfigurationPlatforms) = postSolution
		{FEDABFC0-C13C-4855-9829-D6D8FE302889}.Debug|Any CPU.ActiveCfg = Debug|Any CPU
		{FEDABFC0-C13C-4855-9829-D6D8FE302889}.Debug|Any CPU.Build.0 = Debug|Any CPU
		{FEDABFC0-C13C-4855-9829-D6D8FE302889}.Release|Any CPU.ActiveCfg = Release|Any CPU
		{FEDABFC0-C13C-4855-9829-D6D8FE302889}.Release|Any CPU.Build.0 = Release|Any CPU
	EndGlobalSection
	GlobalSection(SolutionProperties) = preSolution
		HideSolutionNode = FALSE
	EndGlobalSection
EndGlobal
