
Microsoft Visual Studio Solution File, Format Version 12.00
# Visual Studio Version 17
VisualStudioVersion = 17.13.35818.85 d17.13
MinimumVisualStudioVersion = 10.0.40219.1
Project("{FAE04EC0-301F-11D3-BF4B-00C04F79EFBC}") = "Mod7 Shell Sort Dave", "Mod7 Shell Sort Dave.csproj", "{DC789ABD-F069-4167-821B-C0E1FE0D21F6}"
EndProject
Global
	GlobalSection(SolutionConfigurationPlatforms) = preSolution
		Debug|Any CPU = Debug|Any CPU
		Release|Any CPU = Release|Any CPU
	EndGlobalSection
	GlobalSection(ProjectConfigurationPlatforms) = postSolution
		{DC789ABD-F069-4167-821B-C0E1FE0D21F6}.Debug|Any CPU.ActiveCfg = Debug|Any CPU
		{DC789ABD-F069-4167-821B-C0E1FE0D21F6}.Debug|Any CPU.Build.0 = Debug|Any CPU
		{DC789ABD-F069-4167-821B-C0E1FE0D21F6}.Release|Any CPU.ActiveCfg = Release|Any CPU
		{DC789ABD-F069-4167-821B-C0E1FE0D21F6}.Release|Any CPU.Build.0 = Release|Any CPU
	EndGlobalSection
	GlobalSection(SolutionProperties) = preSolution
		HideSolutionNode = FALSE
	EndGlobalSection
	GlobalSection(ExtensibilityGlobals) = postSolution
		SolutionGuid = {8508FED3-ABD3-464B-BF82-E2C79E39D20E}
	EndGlobalSection
EndGlobal
