
Microsoft Visual Studio Solution File, Format Version 12.00
# Visual Studio Version 17
VisualStudioVersion = 17.9.34622.214
MinimumVisualStudioVersion = 10.0.40219.1
Project("{FAE04EC0-301F-11D3-BF4B-00C04F79EFBC}") = "Mod8Graph2", "Mod8Graph2.csproj", "{0D1B63FC-F3C9-42EC-8528-4DEA4DE022BC}"
EndProject
Global
	GlobalSection(SolutionConfigurationPlatforms) = preSolution
		Debug|Any CPU = Debug|Any CPU
		Release|Any CPU = Release|Any CPU
	EndGlobalSection
	GlobalSection(ProjectConfigurationPlatforms) = postSolution
		{0D1B63FC-F3C9-42EC-8528-4DEA4DE022BC}.Debug|Any CPU.ActiveCfg = Debug|Any CPU
		{0D1B63FC-F3C9-42EC-8528-4DEA4DE022BC}.Debug|Any CPU.Build.0 = Debug|Any CPU
		{0D1B63FC-F3C9-42EC-8528-4DEA4DE022BC}.Release|Any CPU.ActiveCfg = Release|Any CPU
		{0D1B63FC-F3C9-42EC-8528-4DEA4DE022BC}.Release|Any CPU.Build.0 = Release|Any CPU
	EndGlobalSection
	GlobalSection(SolutionProperties) = preSolution
		HideSolutionNode = FALSE
	EndGlobalSection
	GlobalSection(ExtensibilityGlobals) = postSolution
		SolutionGuid = {1F07F103-0EB3-475B-A093-399B9E9FA892}
	EndGlobalSection
EndGlobal
