
Microsoft Visual Studio Solution File, Format Version 12.00
# Visual Studio Version 17
VisualStudioVersion = 17.12.35707.178 d17.12
MinimumVisualStudioVersion = 10.0.40219.1
Project("{FAE04EC0-301F-11D3-BF4B-00C04F79EFBC}") = "Mod4GenericsDemo1Dave", "Mod4GenericsDemo1Dave.csproj", "{74D5C901-B23B-4FB7-89D0-B1BAC52853DD}"
EndProject
Global
	GlobalSection(SolutionConfigurationPlatforms) = preSolution
		Debug|Any CPU = Debug|Any CPU
		Release|Any CPU = Release|Any CPU
	EndGlobalSection
	GlobalSection(ProjectConfigurationPlatforms) = postSolution
		{74D5C901-B23B-4FB7-89D0-B1BAC52853DD}.Debug|Any CPU.ActiveCfg = Debug|Any CPU
		{74D5C901-B23B-4FB7-89D0-B1BAC52853DD}.Debug|Any CPU.Build.0 = Debug|Any CPU
		{74D5C901-B23B-4FB7-89D0-B1BAC52853DD}.Release|Any CPU.ActiveCfg = Release|Any CPU
		{74D5C901-B23B-4FB7-89D0-B1BAC52853DD}.Release|Any CPU.Build.0 = Release|Any CPU
	EndGlobalSection
	GlobalSection(SolutionProperties) = preSolution
		HideSolutionNode = FALSE
	EndGlobalSection
EndGlobal
