
Microsoft Visual Studio Solution File, Format Version 12.00
# Visual Studio Version 17
VisualStudioVersion = 17.13.35913.81 d17.13
MinimumVisualStudioVersion = 10.0.40219.1
Project("{FAE04EC0-301F-11D3-BF4B-00C04F79EFBC}") = "11.3b Majority Element", "11.3b Majority Element.csproj", "{DA974B39-A30B-4764-9FE7-36D02E2FBC00}"
EndProject
Global
	GlobalSection(SolutionConfigurationPlatforms) = preSolution
		Debug|Any CPU = Debug|Any CPU
		Release|Any CPU = Release|Any CPU
	EndGlobalSection
	GlobalSection(ProjectConfigurationPlatforms) = postSolution
		{DA974B39-A30B-4764-9FE7-36D02E2FBC00}.Debug|Any CPU.ActiveCfg = Debug|Any CPU
		{DA974B39-A30B-4764-9FE7-36D02E2FBC00}.Debug|Any CPU.Build.0 = Debug|Any CPU
		{DA974B39-A30B-4764-9FE7-36D02E2FBC00}.Release|Any CPU.ActiveCfg = Release|Any CPU
		{DA974B39-A30B-4764-9FE7-36D02E2FBC00}.Release|Any CPU.Build.0 = Release|Any CPU
	EndGlobalSection
	GlobalSection(SolutionProperties) = preSolution
		HideSolutionNode = FALSE
	EndGlobalSection
	GlobalSection(ExtensibilityGlobals) = postSolution
		SolutionGuid = {AAC98E60-028F-49BA-869D-85F76AB5F04A}
	EndGlobalSection
EndGlobal
