
Microsoft Visual Studio Solution File, Format Version 12.00
# Visual Studio Version 17
VisualStudioVersion = 17.13.35828.75 d17.13
MinimumVisualStudioVersion = 10.0.40219.1
Project("{FAE04EC0-301F-11D3-BF4B-00C04F79EFBC}") = "Mod6 Serialization Dave", "Mod6 Serialization Dave.csproj", "{91285DBE-D2A0-4BD8-975F-47919E0D4725}"
EndProject
Global
	GlobalSection(SolutionConfigurationPlatforms) = preSolution
		Debug|Any CPU = Debug|Any CPU
		Release|Any CPU = Release|Any CPU
	EndGlobalSection
	GlobalSection(ProjectConfigurationPlatforms) = postSolution
		{91285DBE-D2A0-4BD8-975F-47919E0D4725}.Debug|Any CPU.ActiveCfg = Debug|Any CPU
		{91285DBE-D2A0-4BD8-975F-47919E0D4725}.Debug|Any CPU.Build.0 = Debug|Any CPU
		{91285DBE-D2A0-4BD8-975F-47919E0D4725}.Release|Any CPU.ActiveCfg = Release|Any CPU
		{91285DBE-D2A0-4BD8-975F-47919E0D4725}.Release|Any CPU.Build.0 = Release|Any CPU
	EndGlobalSection
	GlobalSection(SolutionProperties) = preSolution
		HideSolutionNode = FALSE
	EndGlobalSection
	GlobalSection(ExtensibilityGlobals) = postSolution
		SolutionGuid = {1A0215DD-66CC-45B6-BEB8-5411A6325A58}
	EndGlobalSection
EndGlobal
