
Microsoft Visual Studio Solution File, Format Version 12.00
# Visual Studio 2012
Project("{FAE04EC0-301F-11D3-BF4B-00C04F79EFBC}") = "PPT13", "PPT13\PPT13.csproj", "{D40FBF58-22CE-4B6E-A04E-78F70B51A1C0}"
EndProject
Global
	GlobalSection(SolutionConfigurationPlatforms) = preSolution
		Debug|Any CPU = Debug|Any CPU
		Release|Any CPU = Release|Any CPU
	EndGlobalSection
	GlobalSection(ProjectConfigurationPlatforms) = postSolution
		{D40FBF58-22CE-4B6E-A04E-78F70B51A1C0}.Debug|Any CPU.ActiveCfg = Debug|Any CPU
		{D40FBF58-22CE-4B6E-A04E-78F70B51A1C0}.Debug|Any CPU.Build.0 = Debug|Any CPU
		{D40FBF58-22CE-4B6E-A04E-78F70B51A1C0}.Release|Any CPU.ActiveCfg = Release|Any CPU
		{D40FBF58-22CE-4B6E-A04E-78F70B51A1C0}.Release|Any CPU.Build.0 = Release|Any CPU
	EndGlobalSection
	GlobalSection(SolutionProperties) = preSolution
		HideSolutionNode = FALSE
	EndGlobalSection
EndGlobal
