
Microsoft Visual Studio Solution File, Format Version 12.00
# Visual Studio Version 17
VisualStudioVersion = 17.13.35806.99 d17.13
MinimumVisualStudioVersion = 10.0.40219.1
Project("{FAE04EC0-301F-11D3-BF4B-00C04F79EFBC}") = "Mod5 Stack With Linked List Dave", "Mod5 Stack With Linked List Dave.csproj", "{390A0880-5C92-4188-954D-C1A6A126CA67}"
EndProject
Global
	GlobalSection(SolutionConfigurationPlatforms) = preSolution
		Debug|Any CPU = Debug|Any CPU
		Release|Any CPU = Release|Any CPU
	EndGlobalSection
	GlobalSection(ProjectConfigurationPlatforms) = postSolution
		{390A0880-5C92-4188-954D-C1A6A126CA67}.Debug|Any CPU.ActiveCfg = Debug|Any CPU
		{390A0880-5C92-4188-954D-C1A6A126CA67}.Debug|Any CPU.Build.0 = Debug|Any CPU
		{390A0880-5C92-4188-954D-C1A6A126CA67}.Release|Any CPU.ActiveCfg = Release|Any CPU
		{390A0880-5C92-4188-954D-C1A6A126CA67}.Release|Any CPU.Build.0 = Release|Any CPU
	EndGlobalSection
	GlobalSection(SolutionProperties) = preSolution
		HideSolutionNode = FALSE
	EndGlobalSection
	GlobalSection(ExtensibilityGlobals) = postSolution
		SolutionGuid = {B7F3A8DF-BAC0-4E4E-9667-81B6844AB53A}
	EndGlobalSection
EndGlobal
