
Microsoft Visual Studio Solution File, Format Version 12.00
# Visual Studio Version 17
VisualStudioVersion = 17.13.35825.156 d17.13
MinimumVisualStudioVersion = 10.0.40219.1
Project("{FAE04EC0-301F-11D3-BF4B-00C04F79EFBC}") = "7.4 Parking System", "7.4 Parking System.csproj", "{EED4E8F8-FA93-4118-B5B7-13B6CFC43009}"
EndProject
Global
	GlobalSection(SolutionConfigurationPlatforms) = preSolution
		Debug|Any CPU = Debug|Any CPU
		Release|Any CPU = Release|Any CPU
	EndGlobalSection
	GlobalSection(ProjectConfigurationPlatforms) = postSolution
		{EED4E8F8-FA93-4118-B5B7-13B6CFC43009}.Debug|Any CPU.ActiveCfg = Debug|Any CPU
		{EED4E8F8-FA93-4118-B5B7-13B6CFC43009}.Debug|Any CPU.Build.0 = Debug|Any CPU
		{EED4E8F8-FA93-4118-B5B7-13B6CFC43009}.Release|Any CPU.ActiveCfg = Release|Any CPU
		{EED4E8F8-FA93-4118-B5B7-13B6CFC43009}.Release|Any CPU.Build.0 = Release|Any CPU
	EndGlobalSection
	GlobalSection(SolutionProperties) = preSolution
		HideSolutionNode = FALSE
	EndGlobalSection
	GlobalSection(ExtensibilityGlobals) = postSolution
		SolutionGuid = {A6414C07-4AFD-4372-9462-D820A096127F}
	EndGlobalSection
EndGlobal
