
Microsoft Visual Studio Solution File, Format Version 12.00
# Visual Studio Version 17
VisualStudioVersion = 17.13.35828.75 d17.13
MinimumVisualStudioVersion = 10.0.40219.1
Project("{FAE04EC0-301F-11D3-BF4B-00C04F79EFBC}") = "LINQ Demo1 Dave", "LINQ Demo1 Dave.csproj", "{5C4A448A-3BCF-43B7-B673-CB8965348369}"
EndProject
Global
	GlobalSection(SolutionConfigurationPlatforms) = preSolution
		Debug|Any CPU = Debug|Any CPU
		Release|Any CPU = Release|Any CPU
	EndGlobalSection
	GlobalSection(ProjectConfigurationPlatforms) = postSolution
		{5C4A448A-3BCF-43B7-B673-CB8965348369}.Debug|Any CPU.ActiveCfg = Debug|Any CPU
		{5C4A448A-3BCF-43B7-B673-CB8965348369}.Debug|Any CPU.Build.0 = Debug|Any CPU
		{5C4A448A-3BCF-43B7-B673-CB8965348369}.Release|Any CPU.ActiveCfg = Release|Any CPU
		{5C4A448A-3BCF-43B7-B673-CB8965348369}.Release|Any CPU.Build.0 = Release|Any CPU
	EndGlobalSection
	GlobalSection(SolutionProperties) = preSolution
		HideSolutionNode = FALSE
	EndGlobalSection
	GlobalSection(ExtensibilityGlobals) = postSolution
		SolutionGuid = {FA7A2F19-B1F8-4321-BE63-3D359E89BAD6}
	EndGlobalSection
EndGlobal
