
Microsoft Visual Studio Solution File, Format Version 12.00
# Visual Studio Version 17
VisualStudioVersion = 17.9.34622.214
MinimumVisualStudioVersion = 10.0.40219.1
Project("{FAE04EC0-301F-11D3-BF4B-00C04F79EFBC}") = "Mod3FibonacciSeries", "Mod3FibonacciSeries.csproj", "{F318F487-D126-4457-8E96-BEAA1D47ABF0}"
EndProject
Global
	GlobalSection(SolutionConfigurationPlatforms) = preSolution
		Debug|Any CPU = Debug|Any CPU
		Release|Any CPU = Release|Any CPU
	EndGlobalSection
	GlobalSection(ProjectConfigurationPlatforms) = postSolution
		{F318F487-D126-4457-8E96-BEAA1D47ABF0}.Debug|Any CPU.ActiveCfg = Debug|Any CPU
		{F318F487-D126-4457-8E96-BEAA1D47ABF0}.Debug|Any CPU.Build.0 = Debug|Any CPU
		{F318F487-D126-4457-8E96-BEAA1D47ABF0}.Release|Any CPU.ActiveCfg = Release|Any CPU
		{F318F487-D126-4457-8E96-BEAA1D47ABF0}.Release|Any CPU.Build.0 = Release|Any CPU
	EndGlobalSection
	GlobalSection(SolutionProperties) = preSolution
		HideSolutionNode = FALSE
	EndGlobalSection
	GlobalSection(ExtensibilityGlobals) = postSolution
		SolutionGuid = {F23BC912-63FF-4680-8DA9-A5B0B9C69663}
	EndGlobalSection
EndGlobal
