
Microsoft Visual Studio Solution File, Format Version 12.00
# Visual Studio Version 17
VisualStudioVersion = 17.3.32901.215
MinimumVisualStudioVersion = 10.0.40219.1
Project("{FAE04EC0-301F-11D3-BF4B-00C04F79EFBC}") = "Mod6Interpolationdemo", "Mod6Interpolationdemo.csproj", "{94281637-369B-45A7-80B7-CC19B36CAD9B}"
EndProject
Global
	GlobalSection(SolutionConfigurationPlatforms) = preSolution
		Debug|Any CPU = Debug|Any CPU
		Release|Any CPU = Release|Any CPU
	EndGlobalSection
	GlobalSection(ProjectConfigurationPlatforms) = postSolution
		{94281637-369B-45A7-80B7-CC19B36CAD9B}.Debug|Any CPU.ActiveCfg = Debug|Any CPU
		{94281637-369B-45A7-80B7-CC19B36CAD9B}.Debug|Any CPU.Build.0 = Debug|Any CPU
		{94281637-369B-45A7-80B7-CC19B36CAD9B}.Release|Any CPU.ActiveCfg = Release|Any CPU
		{94281637-369B-45A7-80B7-CC19B36CAD9B}.Release|Any CPU.Build.0 = Release|Any CPU
	EndGlobalSection
	GlobalSection(SolutionProperties) = preSolution
		HideSolutionNode = FALSE
	EndGlobalSection
	GlobalSection(ExtensibilityGlobals) = postSolution
		SolutionGuid = {1DF206D4-E4AB-442D-831B-A7913AA8FAAD}
	EndGlobalSection
EndGlobal
