
Microsoft Visual Studio Solution File, Format Version 12.00
# Visual Studio Version 17
VisualStudioVersion = 17.13.35919.96 d17.13
MinimumVisualStudioVersion = 10.0.40219.1
Project("{FAE04EC0-301F-11D3-BF4B-00C04F79EFBC}") = "MonkeyFinderv2", "MonkeyFinderv2.csproj", "{D866DCB8-0B03-40ED-A66E-131019BE53FE}"
EndProject
Global
	GlobalSection(SolutionConfigurationPlatforms) = preSolution
		Debug|Any CPU = Debug|Any CPU
		Release|Any CPU = Release|Any CPU
	EndGlobalSection
	GlobalSection(ProjectConfigurationPlatforms) = postSolution
		{D866DCB8-0B03-40ED-A66E-131019BE53FE}.Debug|Any CPU.ActiveCfg = Debug|Any CPU
		{D866DCB8-0B03-40ED-A66E-131019BE53FE}.Debug|Any CPU.Build.0 = Debug|Any CPU
		{D866DCB8-0B03-40ED-A66E-131019BE53FE}.Release|Any CPU.ActiveCfg = Release|Any CPU
		{D866DCB8-0B03-40ED-A66E-131019BE53FE}.Release|Any CPU.Build.0 = Release|Any CPU
	EndGlobalSection
	GlobalSection(SolutionProperties) = preSolution
		HideSolutionNode = FALSE
	EndGlobalSection
	GlobalSection(ExtensibilityGlobals) = postSolution
		SolutionGuid = {99DD23A3-3662-4E2E-AB8D-88B00F09BD49}
	EndGlobalSection
EndGlobal
