
Microsoft Visual Studio Solution File, Format Version 12.00
# Visual Studio Version 17
VisualStudioVersion = 17.13.35818.85 d17.13
MinimumVisualStudioVersion = 10.0.40219.1
Project("{FAE04EC0-301F-11D3-BF4B-00C04F79EFBC}") = "7.2b Reverse Vowels", "7.2b Reverse Vowels.csproj", "{760C23F1-242F-454D-865B-D8FDD9187A03}"
EndProject
Global
	GlobalSection(SolutionConfigurationPlatforms) = preSolution
		Debug|Any CPU = Debug|Any CPU
		Release|Any CPU = Release|Any CPU
	EndGlobalSection
	GlobalSection(ProjectConfigurationPlatforms) = postSolution
		{760C23F1-242F-454D-865B-D8FDD9187A03}.Debug|Any CPU.ActiveCfg = Debug|Any CPU
		{760C23F1-242F-454D-865B-D8FDD9187A03}.Debug|Any CPU.Build.0 = Debug|Any CPU
		{760C23F1-242F-454D-865B-D8FDD9187A03}.Release|Any CPU.ActiveCfg = Release|Any CPU
		{760C23F1-242F-454D-865B-D8FDD9187A03}.Release|Any CPU.Build.0 = Release|Any CPU
	EndGlobalSection
	GlobalSection(SolutionProperties) = preSolution
		HideSolutionNode = FALSE
	EndGlobalSection
	GlobalSection(ExtensibilityGlobals) = postSolution
		SolutionGuid = {F631C7D8-383D-4F45-835D-A158E0905685}
	EndGlobalSection
EndGlobal
