
Microsoft Visual Studio Solution File, Format Version 12.00
# Visual Studio Version 17
VisualStudioVersion = 17.9.34622.214
MinimumVisualStudioVersion = 10.0.40219.1
Project("{FAE04EC0-301F-11D3-BF4B-00C04F79EFBC}") = "Mod12Reflectiondemo", "Mod12Reflectiondemo.csproj", "{D941BCA7-E4AD-4217-97F6-A88572D352FB}"
EndProject
Global
	GlobalSection(SolutionConfigurationPlatforms) = preSolution
		Debug|Any CPU = Debug|Any CPU
		Release|Any CPU = Release|Any CPU
	EndGlobalSection
	GlobalSection(ProjectConfigurationPlatforms) = postSolution
		{D941BCA7-E4AD-4217-97F6-A88572D352FB}.Debug|Any CPU.ActiveCfg = Debug|Any CPU
		{D941BCA7-E4AD-4217-97F6-A88572D352FB}.Debug|Any CPU.Build.0 = Debug|Any CPU
		{D941BCA7-E4AD-4217-97F6-A88572D352FB}.Release|Any CPU.ActiveCfg = Release|Any CPU
		{D941BCA7-E4AD-4217-97F6-A88572D352FB}.Release|Any CPU.Build.0 = Release|Any CPU
	EndGlobalSection
	GlobalSection(SolutionProperties) = preSolution
		HideSolutionNode = FALSE
	EndGlobalSection
	GlobalSection(ExtensibilityGlobals) = postSolution
		SolutionGuid = {67C6A387-F5F3-453D-A5E0-786421729671}
	EndGlobalSection
EndGlobal
