
Microsoft Visual Studio Solution File, Format Version 12.00
# Visual Studio Version 17
VisualStudioVersion = 17.13.35931.197 d17.13
MinimumVisualStudioVersion = 10.0.40219.1
Project("{FAE04EC0-301F-11D3-BF4B-00C04F79EFBC}") = "Phoneword", "Phoneword.csproj", "{CB722DAF-8E2E-42CF-B9CC-B00F421F989A}"
EndProject
Global
	GlobalSection(SolutionConfigurationPlatforms) = preSolution
		Debug|Any CPU = Debug|Any CPU
		Release|Any CPU = Release|Any CPU
	EndGlobalSection
	GlobalSection(ProjectConfigurationPlatforms) = postSolution
		{CB722DAF-8E2E-42CF-B9CC-B00F421F989A}.Debug|Any CPU.ActiveCfg = Debug|Any CPU
		{CB722DAF-8E2E-42CF-B9CC-B00F421F989A}.Debug|Any CPU.Build.0 = Debug|Any CPU
		{CB722DAF-8E2E-42CF-B9CC-B00F421F989A}.Release|Any CPU.ActiveCfg = Release|Any CPU
		{CB722DAF-8E2E-42CF-B9CC-B00F421F989A}.Release|Any CPU.Build.0 = Release|Any CPU
	EndGlobalSection
	GlobalSection(SolutionProperties) = preSolution
		HideSolutionNode = FALSE
	EndGlobalSection
	GlobalSection(ExtensibilityGlobals) = postSolution
		SolutionGuid = {259FE179-B9C6-47B1-97A4-5B261D903436}
	EndGlobalSection
EndGlobal
